
Microsoft Visual Studio Solution File, Format Version 12.00
# Visual Studio Version 16
VisualStudioVersion = 16.0.32106.194
MinimumVisualStudioVersion = 10.0.40219.1
Project("{FAE04EC0-301F-11D3-BF4B-00C04F79EFBC}") = "ogrenci_kayıt_sistemi", "ogrenci_kayıt_sistemi.csproj", "{46589A9F-818B-40BA-93B4-CD33870065E7}"
EndProject
Global
	GlobalSection(SolutionConfigurationPlatforms) = preSolution
		Debug|Any CPU = Debug|Any CPU
		Release|Any CPU = Release|Any CPU
	EndGlobalSection
	GlobalSection(ProjectConfigurationPlatforms) = postSolution
		{46589A9F-818B-40BA-93B4-CD33870065E7}.Debug|Any CPU.ActiveCfg = Debug|Any CPU
		{46589A9F-818B-40BA-93B4-CD33870065E7}.Debug|Any CPU.Build.0 = Debug|Any CPU
		{46589A9F-818B-40BA-93B4-CD33870065E7}.Release|Any CPU.ActiveCfg = Release|Any CPU
		{46589A9F-818B-40BA-93B4-CD33870065E7}.Release|Any CPU.Build.0 = Release|Any CPU
	EndGlobalSection
	GlobalSection(SolutionProperties) = preSolution
		HideSolutionNode = FALSE
	EndGlobalSection
	GlobalSection(ExtensibilityGlobals) = postSolution
		SolutionGuid = {86274D2A-E921-4907-B5FA-D766FE105E45}
	EndGlobalSection
EndGlobal
